
Microsoft Visual Studio Solution File, Format Version 12.00
# Visual Studio 15
VisualStudioVersion = 15.0.27130.2024
MinimumVisualStudioVersion = 10.0.40219.1
Project("{8BC9CEB8-8B4A-11D0-8D11-00A0C91BC942}") = "Aqua", "Aqua\Aqua.vcxproj", "{69E89C3F-9116-4892-A7B9-F821E4E9CF92}"
EndProject
Project("{8BC9CEB8-8B4A-11D0-8D11-00A0C91BC942}") = "edslib", "..\edslib\edslib\edslib.vcxproj", "{87E3CADE-8749-4988-B3E6-0C9F07E58828}"
EndProject
Project("{F2A71F9B-5D33-465A-A702-920D77279786}") = "AquaCompiler", "AquaCompiler\AquaCompiler.fsproj", "{CC3F859E-A7D5-4EA3-9F81-17A4A04B3420}"
EndProject
Global
	GlobalSection(SolutionConfigurationPlatforms) = preSolution
		Debug|Any CPU = Debug|Any CPU
		Debug|x64 = Debug|x64
		Debug|x86 = Debug|x86
		Release|Any CPU = Release|Any CPU
		Release|x64 = Release|x64
		Release|x86 = Release|x86
	EndGlobalSection
	GlobalSection(ProjectConfigurationPlatforms) = postSolution
		{69E89C3F-9116-4892-A7B9-F821E4E9CF92}.Debug|Any CPU.ActiveCfg = Debug|Win32
		{69E89C3F-9116-4892-A7B9-F821E4E9CF92}.Debug|x64.ActiveCfg = Debug|x64
		{69E89C3F-9116-4892-A7B9-F821E4E9CF92}.Debug|x64.Build.0 = Debug|x64
		{69E89C3F-9116-4892-A7B9-F821E4E9CF92}.Debug|x86.ActiveCfg = Debug|Win32
		{69E89C3F-9116-4892-A7B9-F821E4E9CF92}.Debug|x86.Build.0 = Debug|Win32
		{69E89C3F-9116-4892-A7B9-F821E4E9CF92}.Release|Any CPU.ActiveCfg = Release|Win32
		{69E89C3F-9116-4892-A7B9-F821E4E9CF92}.Release|x64.ActiveCfg = Release|x64
		{69E89C3F-9116-4892-A7B9-F821E4E9CF92}.Release|x64.Build.0 = Release|x64
		{69E89C3F-9116-4892-A7B9-F821E4E9CF92}.Release|x86.ActiveCfg = Release|Win32
		{69E89C3F-9116-4892-A7B9-F821E4E9CF92}.Release|x86.Build.0 = Release|Win32
		{87E3CADE-8749-4988-B3E6-0C9F07E58828}.Debug|Any CPU.ActiveCfg = Debug|Win32
		{87E3CADE-8749-4988-B3E6-0C9F07E58828}.Debug|x64.ActiveCfg = Debug|x64
		{87E3CADE-8749-4988-B3E6-0C9F07E58828}.Debug|x64.Build.0 = Debug|x64
		{87E3CADE-8749-4988-B3E6-0C9F07E58828}.Debug|x86.ActiveCfg = Debug|Win32
		{87E3CADE-8749-4988-B3E6-0C9F07E58828}.Debug|x86.Build.0 = Debug|Win32
		{87E3CADE-8749-4988-B3E6-0C9F07E58828}.Release|Any CPU.ActiveCfg = Release|Win32
		{87E3CADE-8749-4988-B3E6-0C9F07E58828}.Release|x64.ActiveCfg = Release|x64
		{87E3CADE-8749-4988-B3E6-0C9F07E58828}.Release|x64.Build.0 = Release|x64
		{87E3CADE-8749-4988-B3E6-0C9F07E58828}.Release|x86.ActiveCfg = Release|Win32
		{87E3CADE-8749-4988-B3E6-0C9F07E58828}.Release|x86.Build.0 = Release|Win32
		{CC3F859E-A7D5-4EA3-9F81-17A4A04B3420}.Debug|Any CPU.ActiveCfg = Debug|Any CPU
		{CC3F859E-A7D5-4EA3-9F81-17A4A04B3420}.Debug|Any CPU.Build.0 = Debug|Any CPU
		{CC3F859E-A7D5-4EA3-9F81-17A4A04B3420}.Debug|x64.ActiveCfg = Debug|Any CPU
		{CC3F859E-A7D5-4EA3-9F81-17A4A04B3420}.Debug|x64.Build.0 = Debug|Any CPU
		{CC3F859E-A7D5-4EA3-9F81-17A4A04B3420}.Debug|x86.ActiveCfg = Debug|Any CPU
		{CC3F859E-A7D5-4EA3-9F81-17A4A04B3420}.Debug|x86.Build.0 = Debug|Any CPU
		{CC3F859E-A7D5-4EA3-9F81-17A4A04B3420}.Release|Any CPU.ActiveCfg = Release|Any CPU
		{CC3F859E-A7D5-4EA3-9F81-17A4A04B3420}.Release|Any CPU.Build.0 = Release|Any CPU
		{CC3F859E-A7D5-4EA3-9F81-17A4A04B3420}.Release|x64.ActiveCfg = Release|Any CPU
		{CC3F859E-A7D5-4EA3-9F81-17A4A04B3420}.Release|x64.Build.0 = Release|Any CPU
		{CC3F859E-A7D5-4EA3-9F81-17A4A04B3420}.Release|x86.ActiveCfg = Release|Any CPU
		{CC3F859E-A7D5-4EA3-9F81-17A4A04B3420}.Release|x86.Build.0 = Release|Any CPU
	EndGlobalSection
	GlobalSection(SolutionProperties) = preSolution
		HideSolutionNode = FALSE
	EndGlobalSection
	GlobalSection(ExtensibilityGlobals) = postSolution
		SolutionGuid = {A0A34168-F271-4A6C-AA20-833567F8C9E9}
	EndGlobalSection
EndGlobal
